
Microsoft Visual Studio Solution File, Format Version 12.00
# Visual Studio 15
VisualStudioVersion = 15.0.27703.2000
MinimumVisualStudioVersion = 10.0.40219.1
Project("{FAE04EC0-301F-11D3-BF4B-00C04F79EFBC}") = "WebApplication1", "WebApplication1\WebApplication1.csproj", "{49C449B4-024A-4F99-89E6-7127976AC84E}"
EndProject
Global
	GlobalSection(SolutionConfigurationPlatforms) = preSolution
		Debug|Any CPU = Debug|Any CPU
		Release|Any CPU = Release|Any CPU
	EndGlobalSection
	GlobalSection(ProjectConfigurationPlatforms) = postSolution
		{49C449B4-024A-4F99-89E6-7127976AC84E}.Debug|Any CPU.ActiveCfg = Debug|Any CPU
		{49C449B4-024A-4F99-89E6-7127976AC84E}.Debug|Any CPU.Build.0 = Debug|Any CPU
		{49C449B4-024A-4F99-89E6-7127976AC84E}.Release|Any CPU.ActiveCfg = Release|Any CPU
		{49C449B4-024A-4F99-89E6-7127976AC84E}.Release|Any CPU.Build.0 = Release|Any CPU
	EndGlobalSection
	GlobalSection(SolutionProperties) = preSolution
		HideSolutionNode = FALSE
	EndGlobalSection
	GlobalSection(ExtensibilityGlobals) = postSolution
		SolutionGuid = {8447B436-3B07-43AC-B3B2-DA7D5A6A8A17}
	EndGlobalSection
EndGlobal
